
Microsoft Visual Studio Solution File, Format Version 12.00
# Visual Studio 15
VisualStudioVersion = 15.0.27130.2027
MinimumVisualStudioVersion = 10.0.40219.1
Project("{FAE04EC0-301F-11D3-BF4B-00C04F79EFBC}") = "SchedulerApp.Client", "SchedulerApp.Client\SchedulerApp.Client.csproj", "{C9923401-A838-4BF8-9AFE-930963A45159}"
EndProject
Project("{FAE04EC0-301F-11D3-BF4B-00C04F79EFBC}") = "SchedulerApp.Data", "SchedulerApp.Data\SchedulerApp.Data.csproj", "{051A9184-4838-4FBB-822B-25C1328CB652}"
EndProject
Project("{FAE04EC0-301F-11D3-BF4B-00C04F79EFBC}") = "SchedulerApp.Logic", "SchedulerApp.Logic\SchedulerApp.Logic.csproj", "{B8556AFB-2C76-40D2-9FFB-8480473455C8}"
EndProject
Global
	GlobalSection(SolutionConfigurationPlatforms) = preSolution
		Debug|Any CPU = Debug|Any CPU
		Release|Any CPU = Release|Any CPU
	EndGlobalSection
	GlobalSection(ProjectConfigurationPlatforms) = postSolution
		{C9923401-A838-4BF8-9AFE-930963A45159}.Debug|Any CPU.ActiveCfg = Debug|Any CPU
		{C9923401-A838-4BF8-9AFE-930963A45159}.Debug|Any CPU.Build.0 = Debug|Any CPU
		{C9923401-A838-4BF8-9AFE-930963A45159}.Release|Any CPU.ActiveCfg = Release|Any CPU
		{C9923401-A838-4BF8-9AFE-930963A45159}.Release|Any CPU.Build.0 = Release|Any CPU
		{051A9184-4838-4FBB-822B-25C1328CB652}.Debug|Any CPU.ActiveCfg = Debug|Any CPU
		{051A9184-4838-4FBB-822B-25C1328CB652}.Debug|Any CPU.Build.0 = Debug|Any CPU
		{051A9184-4838-4FBB-822B-25C1328CB652}.Release|Any CPU.ActiveCfg = Release|Any CPU
		{051A9184-4838-4FBB-822B-25C1328CB652}.Release|Any CPU.Build.0 = Release|Any CPU
		{B8556AFB-2C76-40D2-9FFB-8480473455C8}.Debug|Any CPU.ActiveCfg = Debug|Any CPU
		{B8556AFB-2C76-40D2-9FFB-8480473455C8}.Debug|Any CPU.Build.0 = Debug|Any CPU
		{B8556AFB-2C76-40D2-9FFB-8480473455C8}.Release|Any CPU.ActiveCfg = Release|Any CPU
		{B8556AFB-2C76-40D2-9FFB-8480473455C8}.Release|Any CPU.Build.0 = Release|Any CPU
	EndGlobalSection
	GlobalSection(SolutionProperties) = preSolution
		HideSolutionNode = FALSE
	EndGlobalSection
	GlobalSection(ExtensibilityGlobals) = postSolution
		SolutionGuid = {B9E82B73-2BB1-4061-9203-08496ADF1D1C}
	EndGlobalSection
EndGlobal
